// !$*UTF8*$!
{
	archiveVersion = 1;
	classes = {
	};
	objectVersion = 52;
	objects = {

/* Begin PBXBuildFile section */
		841DD3E927C44DEB00CC5602 /* SeriesGenres.swift in Sources */ = {isa = PBXBuildFile; fileRef = 841DD3E727C44DEB00CC5602 /* SeriesGenres.swift */; };
		841DD3EA27C44DEB00CC5602 /* MovieGenres.swift in Sources */ = {isa = PBXBuildFile; fileRef = 841DD3E827C44DEB00CC5602 /* MovieGenres.swift */; };
		841DD3ED27C44E2700CC5602 /* movieGenres.json in Resources */ = {isa = PBXBuildFile; fileRef = 841DD3EB27C44E2700CC5602 /* movieGenres.json */; };
		841DD3EE27C44E2700CC5602 /* seriesGenres.json in Resources */ = {isa = PBXBuildFile; fileRef = 841DD3EC27C44E2700CC5602 /* seriesGenres.json */; };
		843ECA9F27A856E900F6BE55 /* GoogleService-Info.plist in Resources */ = {isa = PBXBuildFile; fileRef = 843ECA9E27A856E900F6BE55 /* GoogleService-Info.plist */; };
		8454B7F727BD0D0600E83693 /* SearchResult.swift in Sources */ = {isa = PBXBuildFile; fileRef = 8454B7F627BD0D0600E83693 /* SearchResult.swift */; };
		8454B7FB27BD2BE300E83693 /* SeriesService.swift in Sources */ = {isa = PBXBuildFile; fileRef = 8454B7FA27BD2BE300E83693 /* SeriesService.swift */; };
		845557BF27B52B64005E253B /* Utilities.swift in Sources */ = {isa = PBXBuildFile; fileRef = 845557BE27B52B64005E253B /* Utilities.swift */; };
		8458FC6427C6375F00F6C524 /* Secrets.xcconfig in Resources */ = {isa = PBXBuildFile; fileRef = 8458FC6327C6375F00F6C524 /* Secrets.xcconfig */; };
		8470476127A85D34003C7BE6 /* FirebaseAuth in Frameworks */ = {isa = PBXBuildFile; productRef = 8470476027A85D34003C7BE6 /* FirebaseAuth */; };
		8470476327A85D34003C7BE6 /* FirebaseDatabase in Frameworks */ = {isa = PBXBuildFile; productRef = 8470476227A85D34003C7BE6 /* FirebaseDatabase */; };
		84773C0A27C51EEF00B598F2 /* UserService.swift in Sources */ = {isa = PBXBuildFile; fileRef = 84773C0927C51EEF00B598F2 /* UserService.swift */; };
		84B6C11A27BAD83E006A1DD3 /* User.swift in Sources */ = {isa = PBXBuildFile; fileRef = 84B6C11927BAD83E006A1DD3 /* User.swift */; };
		84B6C11C27BADC71006A1DD3 /* Series.swift in Sources */ = {isa = PBXBuildFile; fileRef = 84B6C11B27BADC71006A1DD3 /* Series.swift */; };
		84B6C11F27BAF1F1006A1DD3 /* FirebaseFirestore in Frameworks */ = {isa = PBXBuildFile; productRef = 84B6C11E27BAF1F1006A1DD3 /* FirebaseFirestore */; };
		84B6C12127BAF1FD006A1DD3 /* FirebaseStorage in Frameworks */ = {isa = PBXBuildFile; productRef = 84B6C12027BAF1FD006A1DD3 /* FirebaseStorage */; };
		84B6C12327BAF55C006A1DD3 /* FirebaseFirestoreSwift-Beta in Frameworks */ = {isa = PBXBuildFile; productRef = 84B6C12227BAF55C006A1DD3 /* FirebaseFirestoreSwift-Beta */; };
		84E392F827BC3F80006BDDB0 /* Genre.swift in Sources */ = {isa = PBXBuildFile; fileRef = 84E392F727BC3F80006BDDB0 /* Genre.swift */; };
		84E392FA27BC402B006BDDB0 /* MovieService.swift in Sources */ = {isa = PBXBuildFile; fileRef = 84E392F927BC402B006BDDB0 /* MovieService.swift */; };
		84E3930027BC5EDF006BDDB0 /* Poster.swift in Sources */ = {isa = PBXBuildFile; fileRef = 84E392FF27BC5EDF006BDDB0 /* Poster.swift */; };
		F517D16A27ADA69500C4BD80 /* DetailViewController.swift in Sources */ = {isa = PBXBuildFile; fileRef = F517D16927ADA69500C4BD80 /* DetailViewController.swift */; };
		F517D16C27ADA8C600C4BD80 /* DetailsViewModel.swift in Sources */ = {isa = PBXBuildFile; fileRef = F517D16B27ADA8C600C4BD80 /* DetailsViewModel.swift */; };
		F52793BD27BD5E1C0053FF20 /* Filters.swift in Sources */ = {isa = PBXBuildFile; fileRef = F52793BC27BD5E1C0053FF20 /* Filters.swift */; };
		F5281A5327B425CB003959EC /* LoginViewController.swift in Sources */ = {isa = PBXBuildFile; fileRef = F5281A5227B425CB003959EC /* LoginViewController.swift */; };
		F5281A5527B45237003959EC /* RegisterViewController.swift in Sources */ = {isa = PBXBuildFile; fileRef = F5281A5427B45237003959EC /* RegisterViewController.swift */; };
		F54242E927C1654B00007B32 /* SeriesViewCell.swift in Sources */ = {isa = PBXBuildFile; fileRef = F54242E827C1654B00007B32 /* SeriesViewCell.swift */; };
		F543E84A27C132B50075F21C /* PickerModel.swift in Sources */ = {isa = PBXBuildFile; fileRef = F543E84927C132B50075F21C /* PickerModel.swift */; };
		F54B038627A98D7E00D9BD7D /* MoviesViewCell.swift in Sources */ = {isa = PBXBuildFile; fileRef = F54B038527A98D7E00D9BD7D /* MoviesViewCell.swift */; };
		F54B038927A9903B00D9BD7D /* Movie.swift in Sources */ = {isa = PBXBuildFile; fileRef = F54B038827A9903B00D9BD7D /* Movie.swift */; };
		F555562B27A880F600DB015E /* MoviesViewController.swift in Sources */ = {isa = PBXBuildFile; fileRef = F555562A27A880F600DB015E /* MoviesViewController.swift */; };
		F555562D27A8829700DB015E /* AccountViewController.swift in Sources */ = {isa = PBXBuildFile; fileRef = F555562C27A8829700DB015E /* AccountViewController.swift */; };
		F555562F27A882B000DB015E /* DiscoverViewController.swift in Sources */ = {isa = PBXBuildFile; fileRef = F555562E27A882B000DB015E /* DiscoverViewController.swift */; };
		F5564E4E27C4E62400D19F38 /* SearchViewCell.swift in Sources */ = {isa = PBXBuildFile; fileRef = F5564E4D27C4E62400D19F38 /* SearchViewCell.swift */; };
		F567D09E27B7F82A002BF1C6 /* LogoutModalViewController.swift in Sources */ = {isa = PBXBuildFile; fileRef = F567D09D27B7F82A002BF1C6 /* LogoutModalViewController.swift */; };
		F5CDE88927BC31DF00767CBB /* Alamofire in Frameworks */ = {isa = PBXBuildFile; productRef = F5CDE88827BC31DF00767CBB /* Alamofire */; };
		F5CDE88D27BC4ECA00767CBB /* SearchModalViewController.swift in Sources */ = {isa = PBXBuildFile; fileRef = F5CDE88C27BC4ECA00767CBB /* SearchModalViewController.swift */; };
		F5DCE1D927A84D0100E0592C /* AppDelegate.swift in Sources */ = {isa = PBXBuildFile; fileRef = F5DCE1D827A84D0100E0592C /* AppDelegate.swift */; };
		F5DCE1DB27A84D0100E0592C /* SceneDelegate.swift in Sources */ = {isa = PBXBuildFile; fileRef = F5DCE1DA27A84D0100E0592C /* SceneDelegate.swift */; };
		F5DCE1DD27A84D0100E0592C /* SeriesViewController.swift in Sources */ = {isa = PBXBuildFile; fileRef = F5DCE1DC27A84D0100E0592C /* SeriesViewController.swift */; };
		F5DCE1E027A84D0100E0592C /* Main.storyboard in Resources */ = {isa = PBXBuildFile; fileRef = F5DCE1DE27A84D0100E0592C /* Main.storyboard */; };
		F5DCE1E227A84D0200E0592C /* Assets.xcassets in Resources */ = {isa = PBXBuildFile; fileRef = F5DCE1E127A84D0200E0592C /* Assets.xcassets */; };
		F5DCE1E527A84D0200E0592C /* LaunchScreen.storyboard in Resources */ = {isa = PBXBuildFile; fileRef = F5DCE1E327A84D0200E0592C /* LaunchScreen.storyboard */; };
		F5F71D7B27B2C452004A9E6F /* SettingsViewCell.swift in Sources */ = {isa = PBXBuildFile; fileRef = F5F71D7A27B2C452004A9E6F /* SettingsViewCell.swift */; };
		F5F71D7D27B2C570004A9E6F /* SettingsModelData.swift in Sources */ = {isa = PBXBuildFile; fileRef = F5F71D7C27B2C570004A9E6F /* SettingsModelData.swift */; };
/* End PBXBuildFile section */

/* Begin PBXFileReference section */
		841DD3E727C44DEB00CC5602 /* SeriesGenres.swift */ = {isa = PBXFileReference; fileEncoding = 4; lastKnownFileType = sourcecode.swift; path = SeriesGenres.swift; sourceTree = "<group>"; };
		841DD3E827C44DEB00CC5602 /* MovieGenres.swift */ = {isa = PBXFileReference; fileEncoding = 4; lastKnownFileType = sourcecode.swift; path = MovieGenres.swift; sourceTree = "<group>"; };
		841DD3EB27C44E2700CC5602 /* movieGenres.json */ = {isa = PBXFileReference; fileEncoding = 4; lastKnownFileType = text.json; path = movieGenres.json; sourceTree = "<group>"; };
		841DD3EC27C44E2700CC5602 /* seriesGenres.json */ = {isa = PBXFileReference; fileEncoding = 4; lastKnownFileType = text.json; path = seriesGenres.json; sourceTree = "<group>"; };
		843ECA9E27A856E900F6BE55 /* GoogleService-Info.plist */ = {isa = PBXFileReference; fileEncoding = 4; lastKnownFileType = text.plist.xml; path = "GoogleService-Info.plist"; sourceTree = "<group>"; };
		8454B7F627BD0D0600E83693 /* SearchResult.swift */ = {isa = PBXFileReference; lastKnownFileType = sourcecode.swift; path = SearchResult.swift; sourceTree = "<group>"; };
		8454B7FA27BD2BE300E83693 /* SeriesService.swift */ = {isa = PBXFileReference; lastKnownFileType = sourcecode.swift; path = SeriesService.swift; sourceTree = "<group>"; };
		845557BE27B52B64005E253B /* Utilities.swift */ = {isa = PBXFileReference; lastKnownFileType = sourcecode.swift; path = Utilities.swift; sourceTree = "<group>"; };
		8458FC6327C6375F00F6C524 /* Secrets.xcconfig */ = {isa = PBXFileReference; fileEncoding = 4; lastKnownFileType = text.xcconfig; name = Secrets.xcconfig; path = ../../../Desktop/Secrets.xcconfig; sourceTree = "<group>"; };
		84773C0927C51EEF00B598F2 /* UserService.swift */ = {isa = PBXFileReference; lastKnownFileType = sourcecode.swift; path = UserService.swift; sourceTree = "<group>"; };
		84B6C11927BAD83E006A1DD3 /* User.swift */ = {isa = PBXFileReference; lastKnownFileType = sourcecode.swift; path = User.swift; sourceTree = "<group>"; };
		84B6C11B27BADC71006A1DD3 /* Series.swift */ = {isa = PBXFileReference; lastKnownFileType = sourcecode.swift; path = Series.swift; sourceTree = "<group>"; };
		84E392F727BC3F80006BDDB0 /* Genre.swift */ = {isa = PBXFileReference; lastKnownFileType = sourcecode.swift; path = Genre.swift; sourceTree = "<group>"; };
		84E392F927BC402B006BDDB0 /* MovieService.swift */ = {isa = PBXFileReference; lastKnownFileType = sourcecode.swift; name = MovieService.swift; path = MovieWatchListApp/Services/MovieService.swift; sourceTree = SOURCE_ROOT; };
		84E392FF27BC5EDF006BDDB0 /* Poster.swift */ = {isa = PBXFileReference; lastKnownFileType = sourcecode.swift; path = Poster.swift; sourceTree = "<group>"; };
		F517D16927ADA69500C4BD80 /* DetailViewController.swift */ = {isa = PBXFileReference; lastKnownFileType = sourcecode.swift; path = DetailViewController.swift; sourceTree = "<group>"; };
		F517D16B27ADA8C600C4BD80 /* DetailsViewModel.swift */ = {isa = PBXFileReference; lastKnownFileType = sourcecode.swift; path = DetailsViewModel.swift; sourceTree = "<group>"; };
		F52793BC27BD5E1C0053FF20 /* Filters.swift */ = {isa = PBXFileReference; lastKnownFileType = sourcecode.swift; path = Filters.swift; sourceTree = "<group>"; };
		F5281A5227B425CB003959EC /* LoginViewController.swift */ = {isa = PBXFileReference; lastKnownFileType = sourcecode.swift; path = LoginViewController.swift; sourceTree = "<group>"; };
		F5281A5427B45237003959EC /* RegisterViewController.swift */ = {isa = PBXFileReference; lastKnownFileType = sourcecode.swift; path = RegisterViewController.swift; sourceTree = "<group>"; };
		F54242E827C1654B00007B32 /* SeriesViewCell.swift */ = {isa = PBXFileReference; lastKnownFileType = sourcecode.swift; path = SeriesViewCell.swift; sourceTree = "<group>"; };
		F543E84927C132B50075F21C /* PickerModel.swift */ = {isa = PBXFileReference; lastKnownFileType = sourcecode.swift; path = PickerModel.swift; sourceTree = "<group>"; };
		F54B038527A98D7E00D9BD7D /* MoviesViewCell.swift */ = {isa = PBXFileReference; lastKnownFileType = sourcecode.swift; path = MoviesViewCell.swift; sourceTree = "<group>"; };
		F54B038827A9903B00D9BD7D /* Movie.swift */ = {isa = PBXFileReference; lastKnownFileType = sourcecode.swift; path = Movie.swift; sourceTree = "<group>"; };
		F555562A27A880F600DB015E /* MoviesViewController.swift */ = {isa = PBXFileReference; lastKnownFileType = sourcecode.swift; path = MoviesViewController.swift; sourceTree = "<group>"; };
		F555562C27A8829700DB015E /* AccountViewController.swift */ = {isa = PBXFileReference; lastKnownFileType = sourcecode.swift; path = AccountViewController.swift; sourceTree = "<group>"; };
		F555562E27A882B000DB015E /* DiscoverViewController.swift */ = {isa = PBXFileReference; lastKnownFileType = sourcecode.swift; path = DiscoverViewController.swift; sourceTree = "<group>"; };
		F5564E4D27C4E62400D19F38 /* SearchViewCell.swift */ = {isa = PBXFileReference; lastKnownFileType = sourcecode.swift; path = SearchViewCell.swift; sourceTree = "<group>"; };
		F567D09D27B7F82A002BF1C6 /* LogoutModalViewController.swift */ = {isa = PBXFileReference; lastKnownFileType = sourcecode.swift; path = LogoutModalViewController.swift; sourceTree = "<group>"; };
		F5CDE88C27BC4ECA00767CBB /* SearchModalViewController.swift */ = {isa = PBXFileReference; lastKnownFileType = sourcecode.swift; path = SearchModalViewController.swift; sourceTree = "<group>"; };
		F5DCE1D527A84D0100E0592C /* MovieWatchListApp.app */ = {isa = PBXFileReference; explicitFileType = wrapper.application; includeInIndex = 0; path = MovieWatchListApp.app; sourceTree = BUILT_PRODUCTS_DIR; };
		F5DCE1D827A84D0100E0592C /* AppDelegate.swift */ = {isa = PBXFileReference; lastKnownFileType = sourcecode.swift; path = AppDelegate.swift; sourceTree = "<group>"; };
		F5DCE1DA27A84D0100E0592C /* SceneDelegate.swift */ = {isa = PBXFileReference; lastKnownFileType = sourcecode.swift; path = SceneDelegate.swift; sourceTree = "<group>"; };
		F5DCE1DC27A84D0100E0592C /* SeriesViewController.swift */ = {isa = PBXFileReference; lastKnownFileType = sourcecode.swift; path = SeriesViewController.swift; sourceTree = "<group>"; };
		F5DCE1DF27A84D0100E0592C /* Base */ = {isa = PBXFileReference; lastKnownFileType = file.storyboard; name = Base; path = Base.lproj/Main.storyboard; sourceTree = "<group>"; };
		F5DCE1E127A84D0200E0592C /* Assets.xcassets */ = {isa = PBXFileReference; lastKnownFileType = folder.assetcatalog; path = Assets.xcassets; sourceTree = "<group>"; };
		F5DCE1E427A84D0200E0592C /* Base */ = {isa = PBXFileReference; lastKnownFileType = file.storyboard; name = Base; path = Base.lproj/LaunchScreen.storyboard; sourceTree = "<group>"; };
		F5DCE1E627A84D0200E0592C /* Info.plist */ = {isa = PBXFileReference; lastKnownFileType = text.plist.xml; path = Info.plist; sourceTree = "<group>"; };
		F5F71D7A27B2C452004A9E6F /* SettingsViewCell.swift */ = {isa = PBXFileReference; lastKnownFileType = sourcecode.swift; path = SettingsViewCell.swift; sourceTree = "<group>"; };
		F5F71D7C27B2C570004A9E6F /* SettingsModelData.swift */ = {isa = PBXFileReference; lastKnownFileType = sourcecode.swift; path = SettingsModelData.swift; sourceTree = "<group>"; };
/* End PBXFileReference section */

/* Begin PBXFrameworksBuildPhase section */
		F5DCE1D227A84D0100E0592C /* Frameworks */ = {
			isa = PBXFrameworksBuildPhase;
			buildActionMask = 2147483647;
			files = (
				84B6C11F27BAF1F1006A1DD3 /* FirebaseFirestore in Frameworks */,
				8470476327A85D34003C7BE6 /* FirebaseDatabase in Frameworks */,
				84B6C12327BAF55C006A1DD3 /* FirebaseFirestoreSwift-Beta in Frameworks */,
				F5CDE88927BC31DF00767CBB /* Alamofire in Frameworks */,
				84B6C12127BAF1FD006A1DD3 /* FirebaseStorage in Frameworks */,
				8470476127A85D34003C7BE6 /* FirebaseAuth in Frameworks */,
			);
			runOnlyForDeploymentPostprocessing = 0;
		};
/* End PBXFrameworksBuildPhase section */

/* Begin PBXGroup section */
		841DD3E627C44DEB00CC5602 /* Genres */ = {
			isa = PBXGroup;
			children = (
				841DD3E727C44DEB00CC5602 /* SeriesGenres.swift */,
				841DD3E827C44DEB00CC5602 /* MovieGenres.swift */,
			);
			path = Genres;
			sourceTree = "<group>";
		};
		845557BD27B52B42005E253B /* Helpers */ = {
			isa = PBXGroup;
			children = (
				841DD3EB27C44E2700CC5602 /* movieGenres.json */,
				841DD3EC27C44E2700CC5602 /* seriesGenres.json */,
				845557BE27B52B64005E253B /* Utilities.swift */,
			);
			path = Helpers;
			sourceTree = "<group>";
		};
		849A8B8F27BC7DB8003CEDF4 /* Services */ = {
			isa = PBXGroup;
			children = (
				84E392F927BC402B006BDDB0 /* MovieService.swift */,
				8454B7FA27BD2BE300E83693 /* SeriesService.swift */,
				84773C0927C51EEF00B598F2 /* UserService.swift */,
			);
			path = Services;
			sourceTree = "<group>";
		};
		84B6C11D27BAF1F1006A1DD3 /* Frameworks */ = {
			isa = PBXGroup;
			children = (
			);
			name = Frameworks;
			sourceTree = "<group>";
		};
		F5281A5127B42593003959EC /* ViewControllers */ = {
			isa = PBXGroup;
			children = (
				F5DCE1DC27A84D0100E0592C /* SeriesViewController.swift */,
				F555562A27A880F600DB015E /* MoviesViewController.swift */,
				F555562C27A8829700DB015E /* AccountViewController.swift */,
				F555562E27A882B000DB015E /* DiscoverViewController.swift */,
				F517D16927ADA69500C4BD80 /* DetailViewController.swift */,
				F5281A5227B425CB003959EC /* LoginViewController.swift */,
				F5281A5427B45237003959EC /* RegisterViewController.swift */,
				F567D09D27B7F82A002BF1C6 /* LogoutModalViewController.swift */,
				F5CDE88C27BC4ECA00767CBB /* SearchModalViewController.swift */,
			);
			path = ViewControllers;
			sourceTree = "<group>";
		};
		F54B038727A9902400D9BD7D /* Models */ = {
			isa = PBXGroup;
			children = (
				841DD3E627C44DEB00CC5602 /* Genres */,
				F54B038827A9903B00D9BD7D /* Movie.swift */,
				84B6C11B27BADC71006A1DD3 /* Series.swift */,
				F517D16B27ADA8C600C4BD80 /* DetailsViewModel.swift */,
				F5F71D7C27B2C570004A9E6F /* SettingsModelData.swift */,
				84B6C11927BAD83E006A1DD3 /* User.swift */,
				84E392F727BC3F80006BDDB0 /* Genre.swift */,
				84E392FF27BC5EDF006BDDB0 /* Poster.swift */,
				8454B7F627BD0D0600E83693 /* SearchResult.swift */,
				F52793BC27BD5E1C0053FF20 /* Filters.swift */,
				F543E84927C132B50075F21C /* PickerModel.swift */,
			);
			path = Models;
			sourceTree = "<group>";
		};
		F5DCE1CC27A84D0100E0592C = {
			isa = PBXGroup;
			children = (
				8458FC6327C6375F00F6C524 /* Secrets.xcconfig */,
				F5DCE1D727A84D0100E0592C /* MovieWatchListApp */,
				F5DCE1D627A84D0100E0592C /* Products */,
				84B6C11D27BAF1F1006A1DD3 /* Frameworks */,
			);
			sourceTree = "<group>";
		};
		F5DCE1D627A84D0100E0592C /* Products */ = {
			isa = PBXGroup;
			children = (
				F5DCE1D527A84D0100E0592C /* MovieWatchListApp.app */,
			);
			name = Products;
			sourceTree = "<group>";
		};
		F5DCE1D727A84D0100E0592C /* MovieWatchListApp */ = {
			isa = PBXGroup;
			children = (
				849A8B8F27BC7DB8003CEDF4 /* Services */,
				845557BD27B52B42005E253B /* Helpers */,
				F5281A5127B42593003959EC /* ViewControllers */,
				F5F71D7927B2C426004A9E6F /* ViewCellsModels */,
				F54B038727A9902400D9BD7D /* Models */,
				F5DCE1D827A84D0100E0592C /* AppDelegate.swift */,
				F5DCE1DA27A84D0100E0592C /* SceneDelegate.swift */,
				F5DCE1DE27A84D0100E0592C /* Main.storyboard */,
				F5DCE1E127A84D0200E0592C /* Assets.xcassets */,
				F5DCE1E327A84D0200E0592C /* LaunchScreen.storyboard */,
				F5DCE1E627A84D0200E0592C /* Info.plist */,
				843ECA9E27A856E900F6BE55 /* GoogleService-Info.plist */,
			);
			path = MovieWatchListApp;
			sourceTree = "<group>";
		};
		F5F71D7927B2C426004A9E6F /* ViewCellsModels */ = {
			isa = PBXGroup;
			children = (
				F54B038527A98D7E00D9BD7D /* MoviesViewCell.swift */,
				F5F71D7A27B2C452004A9E6F /* SettingsViewCell.swift */,
				F54242E827C1654B00007B32 /* SeriesViewCell.swift */,
				F5564E4D27C4E62400D19F38 /* SearchViewCell.swift */,
			);
			path = ViewCellsModels;
			sourceTree = "<group>";
		};
/* End PBXGroup section */

/* Begin PBXNativeTarget section */
		F5DCE1D427A84D0100E0592C /* MovieWatchListApp */ = {
			isa = PBXNativeTarget;
			buildConfigurationList = F5DCE1E927A84D0200E0592C /* Build configuration list for PBXNativeTarget "MovieWatchListApp" */;
			buildPhases = (
				F5DCE1D127A84D0100E0592C /* Sources */,
				F5DCE1D227A84D0100E0592C /* Frameworks */,
				F5DCE1D327A84D0100E0592C /* Resources */,
			);
			buildRules = (
			);
			dependencies = (
			);
			name = MovieWatchListApp;
			packageProductDependencies = (
				8470476027A85D34003C7BE6 /* FirebaseAuth */,
				8470476227A85D34003C7BE6 /* FirebaseDatabase */,
				84B6C11E27BAF1F1006A1DD3 /* FirebaseFirestore */,
				84B6C12027BAF1FD006A1DD3 /* FirebaseStorage */,
				84B6C12227BAF55C006A1DD3 /* FirebaseFirestoreSwift-Beta */,
				F5CDE88827BC31DF00767CBB /* Alamofire */,
			);
			productName = MovieWatchListApp;
			productReference = F5DCE1D527A84D0100E0592C /* MovieWatchListApp.app */;
			productType = "com.apple.product-type.application";
		};
/* End PBXNativeTarget section */

/* Begin PBXProject section */
		F5DCE1CD27A84D0100E0592C /* Project object */ = {
			isa = PBXProject;
			attributes = {
				LastSwiftUpdateCheck = 1250;
				LastUpgradeCheck = 1250;
				TargetAttributes = {
					F5DCE1D427A84D0100E0592C = {
						CreatedOnToolsVersion = 12.5.1;
					};
				};
			};
			buildConfigurationList = F5DCE1D027A84D0100E0592C /* Build configuration list for PBXProject "MovieWatchListApp" */;
			compatibilityVersion = "Xcode 9.3";
			developmentRegion = en;
			hasScannedForEncodings = 0;
			knownRegions = (
				en,
				Base,
			);
			mainGroup = F5DCE1CC27A84D0100E0592C;
			packageReferences = (
				8470475F27A85D34003C7BE6 /* XCRemoteSwiftPackageReference "firebase-ios-sdk" */,
				F5CDE88727BC31DF00767CBB /* XCRemoteSwiftPackageReference "Alamofire" */,
			);
			productRefGroup = F5DCE1D627A84D0100E0592C /* Products */;
			projectDirPath = "";
			projectRoot = "";
			targets = (
				F5DCE1D427A84D0100E0592C /* MovieWatchListApp */,
			);
		};
/* End PBXProject section */

/* Begin PBXResourcesBuildPhase section */
		F5DCE1D327A84D0100E0592C /* Resources */ = {
			isa = PBXResourcesBuildPhase;
			buildActionMask = 2147483647;
			files = (
				8458FC6427C6375F00F6C524 /* Secrets.xcconfig in Resources */,
				841DD3ED27C44E2700CC5602 /* movieGenres.json in Resources */,
				F5DCE1E527A84D0200E0592C /* LaunchScreen.storyboard in Resources */,
				841DD3EE27C44E2700CC5602 /* seriesGenres.json in Resources */,
				843ECA9F27A856E900F6BE55 /* GoogleService-Info.plist in Resources */,
				F5DCE1E227A84D0200E0592C /* Assets.xcassets in Resources */,
				F5DCE1E027A84D0100E0592C /* Main.storyboard in Resources */,
			);
			runOnlyForDeploymentPostprocessing = 0;
		};
/* End PBXResourcesBuildPhase section */

/* Begin PBXSourcesBuildPhase section */
		F5DCE1D127A84D0100E0592C /* Sources */ = {
			isa = PBXSourcesBuildPhase;
			buildActionMask = 2147483647;
			files = (
				F567D09E27B7F82A002BF1C6 /* LogoutModalViewController.swift in Sources */,
				F517D16A27ADA69500C4BD80 /* DetailViewController.swift in Sources */,
				84E3930027BC5EDF006BDDB0 /* Poster.swift in Sources */,
				F543E84A27C132B50075F21C /* PickerModel.swift in Sources */,
				F5DCE1DD27A84D0100E0592C /* SeriesViewController.swift in Sources */,
				F5F71D7D27B2C570004A9E6F /* SettingsModelData.swift in Sources */,
				F5564E4E27C4E62400D19F38 /* SearchViewCell.swift in Sources */,
				F52793BD27BD5E1C0053FF20 /* Filters.swift in Sources */,
				845557BF27B52B64005E253B /* Utilities.swift in Sources */,
				841DD3E927C44DEB00CC5602 /* SeriesGenres.swift in Sources */,
				F555562D27A8829700DB015E /* AccountViewController.swift in Sources */,
				84B6C11C27BADC71006A1DD3 /* Series.swift in Sources */,
				84E392F827BC3F80006BDDB0 /* Genre.swift in Sources */,
				F5DCE1D927A84D0100E0592C /* AppDelegate.swift in Sources */,
				84B6C11A27BAD83E006A1DD3 /* User.swift in Sources */,
				F555562F27A882B000DB015E /* DiscoverViewController.swift in Sources */,
				F54B038627A98D7E00D9BD7D /* MoviesViewCell.swift in Sources */,
				F5F71D7B27B2C452004A9E6F /* SettingsViewCell.swift in Sources */,
				F5DCE1DB27A84D0100E0592C /* SceneDelegate.swift in Sources */,
				84E392FA27BC402B006BDDB0 /* MovieService.swift in Sources */,
				F5281A5527B45237003959EC /* RegisterViewController.swift in Sources */,
				841DD3EA27C44DEB00CC5602 /* MovieGenres.swift in Sources */,
				F517D16C27ADA8C600C4BD80 /* DetailsViewModel.swift in Sources */,
				84773C0A27C51EEF00B598F2 /* UserService.swift in Sources */,
				8454B7FB27BD2BE300E83693 /* SeriesService.swift in Sources */,
				F54B038927A9903B00D9BD7D /* Movie.swift in Sources */,
				F5281A5327B425CB003959EC /* LoginViewController.swift in Sources */,
				F5CDE88D27BC4ECA00767CBB /* SearchModalViewController.swift in Sources */,
				8454B7F727BD0D0600E83693 /* SearchResult.swift in Sources */,
				F54242E927C1654B00007B32 /* SeriesViewCell.swift in Sources */,
				F555562B27A880F600DB015E /* MoviesViewController.swift in Sources */,
			);
			runOnlyForDeploymentPostprocessing = 0;
		};
/* End PBXSourcesBuildPhase section */

/* Begin PBXVariantGroup section */
		F5DCE1DE27A84D0100E0592C /* Main.storyboard */ = {
			isa = PBXVariantGroup;
			children = (
				F5DCE1DF27A84D0100E0592C /* Base */,
			);
			name = Main.storyboard;
			sourceTree = "<group>";
		};
		F5DCE1E327A84D0200E0592C /* LaunchScreen.storyboard */ = {
			isa = PBXVariantGroup;
			children = (
				F5DCE1E427A84D0200E0592C /* Base */,
			);
			name = LaunchScreen.storyboard;
			sourceTree = "<group>";
		};
/* End PBXVariantGroup section */

/* Begin XCBuildConfiguration section */
		F5DCE1E727A84D0200E0592C /* Debug */ = {
			isa = XCBuildConfiguration;
			baseConfigurationReference = 8458FC6327C6375F00F6C524 /* Secrets.xcconfig */;
			buildSettings = {
				ALWAYS_SEARCH_USER_PATHS = NO;
				CLANG_ANALYZER_NONNULL = YES;
				CLANG_ANALYZER_NUMBER_OBJECT_CONVERSION = YES_AGGRESSIVE;
				CLANG_CXX_LANGUAGE_STANDARD = "gnu++14";
				CLANG_CXX_LIBRARY = "libc++";
				CLANG_ENABLE_MODULES = YES;
				CLANG_ENABLE_OBJC_ARC = YES;
				CLANG_ENABLE_OBJC_WEAK = YES;
				CLANG_WARN_BLOCK_CAPTURE_AUTORELEASING = YES;
				CLANG_WARN_BOOL_CONVERSION = YES;
				CLANG_WARN_COMMA = YES;
				CLANG_WARN_CONSTANT_CONVERSION = YES;
				CLANG_WARN_DEPRECATED_OBJC_IMPLEMENTATIONS = YES;
				CLANG_WARN_DIRECT_OBJC_ISA_USAGE = YES_ERROR;
				CLANG_WARN_DOCUMENTATION_COMMENTS = YES;
				CLANG_WARN_EMPTY_BODY = YES;
				CLANG_WARN_ENUM_CONVERSION = YES;
				CLANG_WARN_INFINITE_RECURSION = YES;
				CLANG_WARN_INT_CONVERSION = YES;
				CLANG_WARN_NON_LITERAL_NULL_CONVERSION = YES;
				CLANG_WARN_OBJC_IMPLICIT_RETAIN_SELF = YES;
				CLANG_WARN_OBJC_LITERAL_CONVERSION = YES;
				CLANG_WARN_OBJC_ROOT_CLASS = YES_ERROR;
				CLANG_WARN_QUOTED_INCLUDE_IN_FRAMEWORK_HEADER = YES;
				CLANG_WARN_RANGE_LOOP_ANALYSIS = YES;
				CLANG_WARN_STRICT_PROTOTYPES = YES;
				CLANG_WARN_SUSPICIOUS_MOVE = YES;
				CLANG_WARN_UNGUARDED_AVAILABILITY = YES_AGGRESSIVE;
				CLANG_WARN_UNREACHABLE_CODE = YES;
				CLANG_WARN__DUPLICATE_METHOD_MATCH = YES;
				COPY_PHASE_STRIP = NO;
				DEBUG_INFORMATION_FORMAT = dwarf;
				ENABLE_STRICT_OBJC_MSGSEND = YES;
				ENABLE_TESTABILITY = YES;
				GCC_C_LANGUAGE_STANDARD = gnu11;
				GCC_DYNAMIC_NO_PIC = NO;
				GCC_NO_COMMON_BLOCKS = YES;
				GCC_OPTIMIZATION_LEVEL = 0;
				GCC_PREPROCESSOR_DEFINITIONS = (
					"DEBUG=1",
					"$(inherited)",
				);
				GCC_WARN_64_TO_32_BIT_CONVERSION = YES;
				GCC_WARN_ABOUT_RETURN_TYPE = YES_ERROR;
				GCC_WARN_UNDECLARED_SELECTOR = YES;
				GCC_WARN_UNINITIALIZED_AUTOS = YES_AGGRESSIVE;
				GCC_WARN_UNUSED_FUNCTION = YES;
				GCC_WARN_UNUSED_VARIABLE = YES;
				IPHONEOS_DEPLOYMENT_TARGET = 14.5;
				MTL_ENABLE_DEBUG_INFO = INCLUDE_SOURCE;
				MTL_FAST_MATH = YES;
				ONLY_ACTIVE_ARCH = YES;
				SDKROOT = iphoneos;
				SWIFT_ACTIVE_COMPILATION_CONDITIONS = DEBUG;
				SWIFT_OPTIMIZATION_LEVEL = "-Onone";
			};
			name = Debug;
		};
		F5DCE1E827A84D0200E0592C /* Release */ = {
			isa = XCBuildConfiguration;
			baseConfigurationReference = 8458FC6327C6375F00F6C524 /* Secrets.xcconfig */;
			buildSettings = {
				ALWAYS_SEARCH_USER_PATHS = NO;
				CLANG_ANALYZER_NONNULL = YES;
				CLANG_ANALYZER_NUMBER_OBJECT_CONVERSION = YES_AGGRESSIVE;
				CLANG_CXX_LANGUAGE_STANDARD = "gnu++14";
				CLANG_CXX_LIBRARY = "libc++";
				CLANG_ENABLE_MODULES = YES;
				CLANG_ENABLE_OBJC_ARC = YES;
				CLANG_ENABLE_OBJC_WEAK = YES;
				CLANG_WARN_BLOCK_CAPTURE_AUTORELEASING = YES;
				CLANG_WARN_BOOL_CONVERSION = YES;
				CLANG_WARN_COMMA = YES;
				CLANG_WARN_CONSTANT_CONVERSION = YES;
				CLANG_WARN_DEPRECATED_OBJC_IMPLEMENTATIONS = YES;
				CLANG_WARN_DIRECT_OBJC_ISA_USAGE = YES_ERROR;
				CLANG_WARN_DOCUMENTATION_COMMENTS = YES;
				CLANG_WARN_EMPTY_BODY = YES;
				CLANG_WARN_ENUM_CONVERSION = YES;
				CLANG_WARN_INFINITE_RECURSION = YES;
				CLANG_WARN_INT_CONVERSION = YES;
				CLANG_WARN_NON_LITERAL_NULL_CONVERSION = YES;
				CLANG_WARN_OBJC_IMPLICIT_RETAIN_SELF = YES;
				CLANG_WARN_OBJC_LITERAL_CONVERSION = YES;
				CLANG_WARN_OBJC_ROOT_CLASS = YES_ERROR;
				CLANG_WARN_QUOTED_INCLUDE_IN_FRAMEWORK_HEADER = YES;
				CLANG_WARN_RANGE_LOOP_ANALYSIS = YES;
				CLANG_WARN_STRICT_PROTOTYPES = YES;
				CLANG_WARN_SUSPICIOUS_MOVE = YES;
				CLANG_WARN_UNGUARDED_AVAILABILITY = YES_AGGRESSIVE;
				CLANG_WARN_UNREACHABLE_CODE = YES;
				CLANG_WARN__DUPLICATE_METHOD_MATCH = YES;
				COPY_PHASE_STRIP = NO;
				DEBUG_INFORMATION_FORMAT = "dwarf-with-dsym";
				ENABLE_NS_ASSERTIONS = NO;
				ENABLE_STRICT_OBJC_MSGSEND = YES;
				GCC_C_LANGUAGE_STANDARD = gnu11;
				GCC_NO_COMMON_BLOCKS = YES;
				GCC_WARN_64_TO_32_BIT_CONVERSION = YES;
				GCC_WARN_ABOUT_RETURN_TYPE = YES_ERROR;
				GCC_WARN_UNDECLARED_SELECTOR = YES;
				GCC_WARN_UNINITIALIZED_AUTOS = YES_AGGRESSIVE;
				GCC_WARN_UNUSED_FUNCTION = YES;
				GCC_WARN_UNUSED_VARIABLE = YES;
				IPHONEOS_DEPLOYMENT_TARGET = 14.5;
				MTL_ENABLE_DEBUG_INFO = NO;
				MTL_FAST_MATH = YES;
				SDKROOT = iphoneos;
				SWIFT_COMPILATION_MODE = wholemodule;
				SWIFT_OPTIMIZATION_LEVEL = "-O";
				VALIDATE_PRODUCT = YES;
			};
			name = Release;
		};
		F5DCE1EA27A84D0200E0592C /* Debug */ = {
			isa = XCBuildConfiguration;
			buildSettings = {
				ASSETCATALOG_COMPILER_APPICON_NAME = AppIcon;
				ASSETCATALOG_COMPILER_GLOBAL_ACCENT_COLOR_NAME = AccentColor;
				CODE_SIGN_STYLE = Automatic;
				DEVELOPMENT_TEAM = 2L24TQ8W95;
				INFOPLIST_FILE = MovieWatchListApp/Info.plist;
				LD_RUNPATH_SEARCH_PATHS = (
					"$(inherited)",
					"@executable_path/Frameworks",
				);
				PRODUCT_BUNDLE_IDENTIFIER = "bg.uni-sofia.fmi.MovieWatchListApp";
				PRODUCT_NAME = "$(TARGET_NAME)";
				SWIFT_VERSION = 5.0;
				TARGETED_DEVICE_FAMILY = "1,2";
			};
			name = Debug;
		};
		F5DCE1EB27A84D0200E0592C /* Release */ = {
			isa = XCBuildConfiguration;
			buildSettings = {
				ASSETCATALOG_COMPILER_APPICON_NAME = AppIcon;
				ASSETCATALOG_COMPILER_GLOBAL_ACCENT_COLOR_NAME = AccentColor;
				CODE_SIGN_STYLE = Automatic;
				DEVELOPMENT_TEAM = 2L24TQ8W95;
				INFOPLIST_FILE = MovieWatchListApp/Info.plist;
				LD_RUNPATH_SEARCH_PATHS = (
					"$(inherited)",
					"@executable_path/Frameworks",
				);
				PRODUCT_BUNDLE_IDENTIFIER = "bg.uni-sofia.fmi.MovieWatchListApp";
				PRODUCT_NAME = "$(TARGET_NAME)";
				SWIFT_VERSION = 5.0;
				TARGETED_DEVICE_FAMILY = "1,2";
			};
			name = Release;
		};
/* End XCBuildConfiguration section */

/* Begin XCConfigurationList section */
		F5DCE1D027A84D0100E0592C /* Build configuration list for PBXProject "MovieWatchListApp" */ = {
			isa = XCConfigurationList;
			buildConfigurations = (
				F5DCE1E727A84D0200E0592C /* Debug */,
				F5DCE1E827A84D0200E0592C /* Release */,
			);
			defaultConfigurationIsVisible = 0;
			defaultConfigurationName = Release;
		};
		F5DCE1E927A84D0200E0592C /* Build configuration list for PBXNativeTarget "MovieWatchListApp" */ = {
			isa = XCConfigurationList;
			buildConfigurations = (
				F5DCE1EA27A84D0200E0592C /* Debug */,
				F5DCE1EB27A84D0200E0592C /* Release */,
			);
			defaultConfigurationIsVisible = 0;
			defaultConfigurationName = Release;
		};
/* End XCConfigurationList section */

/* Begin XCRemoteSwiftPackageReference section */
		8470475F27A85D34003C7BE6 /* XCRemoteSwiftPackageReference "firebase-ios-sdk" */ = {
			isa = XCRemoteSwiftPackageReference;
			repositoryURL = "https://github.com/firebase/firebase-ios-sdk";
			requirement = {
				kind = upToNextMajorVersion;
				minimumVersion = 8.0.0;
			};
		};
		F5CDE88727BC31DF00767CBB /* XCRemoteSwiftPackageReference "Alamofire" */ = {
			isa = XCRemoteSwiftPackageReference;
			repositoryURL = "https://github.com/Alamofire/Alamofire.git";
			requirement = {
				kind = upToNextMajorVersion;
				minimumVersion = 5.0.0;
			};
		};
/* End XCRemoteSwiftPackageReference section */

/* Begin XCSwiftPackageProductDependency section */
		8470476027A85D34003C7BE6 /* FirebaseAuth */ = {
			isa = XCSwiftPackageProductDependency;
			package = 8470475F27A85D34003C7BE6 /* XCRemoteSwiftPackageReference "firebase-ios-sdk" */;
			productName = FirebaseAuth;
		};
		8470476227A85D34003C7BE6 /* FirebaseDatabase */ = {
			isa = XCSwiftPackageProductDependency;
			package = 8470475F27A85D34003C7BE6 /* XCRemoteSwiftPackageReference "firebase-ios-sdk" */;
			productName = FirebaseDatabase;
		};
		84B6C11E27BAF1F1006A1DD3 /* FirebaseFirestore */ = {
			isa = XCSwiftPackageProductDependency;
			package = 8470475F27A85D34003C7BE6 /* XCRemoteSwiftPackageReference "firebase-ios-sdk" */;
			productName = FirebaseFirestore;
		};
		84B6C12027BAF1FD006A1DD3 /* FirebaseStorage */ = {
			isa = XCSwiftPackageProductDependency;
			package = 8470475F27A85D34003C7BE6 /* XCRemoteSwiftPackageReference "firebase-ios-sdk" */;
			productName = FirebaseStorage;
		};
		84B6C12227BAF55C006A1DD3 /* FirebaseFirestoreSwift-Beta */ = {
			isa = XCSwiftPackageProductDependency;
			package = 8470475F27A85D34003C7BE6 /* XCRemoteSwiftPackageReference "firebase-ios-sdk" */;
			productName = "FirebaseFirestoreSwift-Beta";
		};
		F5CDE88827BC31DF00767CBB /* Alamofire */ = {
			isa = XCSwiftPackageProductDependency;
			package = F5CDE88727BC31DF00767CBB /* XCRemoteSwiftPackageReference "Alamofire" */;
			productName = Alamofire;
		};
/* End XCSwiftPackageProductDependency section */
	};
	rootObject = F5DCE1CD27A84D0100E0592C /* Project object */;
}
